// !$*UTF8*$!
{
	archiveVersion = 1;
	classes = {
	};
	objectVersion = 56;
	objects = {

/* Begin PBXBuildFile section */
		A3259BAD2BE4DC650076A5B8 /* EasySpare_ExpensesApp_App.swift in Sources */ = {isa = PBXBuildFile; fileRef = A3259BAC2BE4DC650076A5B8 /* EasySpare_ExpensesApp_App.swift */; };
		A3259BAF2BE4DC650076A5B8 /* ContentView.swift in Sources */ = {isa = PBXBuildFile; fileRef = A3259BAE2BE4DC650076A5B8 /* ContentView.swift */; };
		A3259BB12BE4DC670076A5B8 /* Assets.xcassets in Resources */ = {isa = PBXBuildFile; fileRef = A3259BB02BE4DC670076A5B8 /* Assets.xcassets */; };
		A3259BB42BE4DC670076A5B8 /* Preview Assets.xcassets in Resources */ = {isa = PBXBuildFile; fileRef = A3259BB32BE4DC670076A5B8 /* Preview Assets.xcassets */; };
		A3259BBE2BE4DC670076A5B8 /* EasySpare_ExpensesApp_Tests.swift in Sources */ = {isa = PBXBuildFile; fileRef = A3259BBD2BE4DC670076A5B8 /* EasySpare_ExpensesApp_Tests.swift */; };
		A3259BC82BE4DC670076A5B8 /* EasySpare_ExpensesApp_UITests.swift in Sources */ = {isa = PBXBuildFile; fileRef = A3259BC72BE4DC670076A5B8 /* EasySpare_ExpensesApp_UITests.swift */; };
		A3259BCA2BE4DC670076A5B8 /* EasySpare_ExpensesApp_UITestsLaunchTests.swift in Sources */ = {isa = PBXBuildFile; fileRef = A3259BC92BE4DC670076A5B8 /* EasySpare_ExpensesApp_UITestsLaunchTests.swift */; };
		A378B01F2BE4DE2C004FED57 /* WelcomeView.swift in Sources */ = {isa = PBXBuildFile; fileRef = A378B01E2BE4DE2C004FED57 /* WelcomeView.swift */; };
		A378B0212BE4DE38004FED57 /* AuthenticationView.swift in Sources */ = {isa = PBXBuildFile; fileRef = A378B0202BE4DE38004FED57 /* AuthenticationView.swift */; };
		A378B0232BE4DE46004FED57 /* CustomButton.swift in Sources */ = {isa = PBXBuildFile; fileRef = A378B0222BE4DE46004FED57 /* CustomButton.swift */; };
		A378B0262BE4E643004FED57 /* CountryPicker in Frameworks */ = {isa = PBXBuildFile; productRef = A378B0252BE4E643004FED57 /* CountryPicker */; };
		A378B0282BE4E69C004FED57 /* CountryPicker.swift in Sources */ = {isa = PBXBuildFile; fileRef = A378B0272BE4E69C004FED57 /* CountryPicker.swift */; };
		A378B02A2BE50AC0004FED57 /* LoginView.swift in Sources */ = {isa = PBXBuildFile; fileRef = A378B0292BE50AC0004FED57 /* LoginView.swift */; };
		A378B02D2BE54967004FED57 /* SignInViewModel.swift in Sources */ = {isa = PBXBuildFile; fileRef = A378B02C2BE54967004FED57 /* SignInViewModel.swift */; };
		A378B02F2BE54B0B004FED57 /* TextFieldLine.swift in Sources */ = {isa = PBXBuildFile; fileRef = A378B02E2BE54B0B004FED57 /* TextFieldLine.swift */; };
		A378B0332BE7D142004FED57 /* SignUpView.swift in Sources */ = {isa = PBXBuildFile; fileRef = A378B0322BE7D142004FED57 /* SignUpView.swift */; };
		A378B0352BE8D705004FED57 /* ProfileView.swift in Sources */ = {isa = PBXBuildFile; fileRef = A378B0342BE8D705004FED57 /* ProfileView.swift */; };
		A378B0372BE8DEB7004FED57 /* GoogleService-Info.plist in Resources */ = {isa = PBXBuildFile; fileRef = A378B0362BE8DEB7004FED57 /* GoogleService-Info.plist */; };
		A378B03A2BE8E006004FED57 /* FirebaseAnalytics in Frameworks */ = {isa = PBXBuildFile; productRef = A378B0392BE8E006004FED57 /* FirebaseAnalytics */; };
		A378B03C2BE8E006004FED57 /* FirebaseAnalyticsSwift in Frameworks */ = {isa = PBXBuildFile; productRef = A378B03B2BE8E006004FED57 /* FirebaseAnalyticsSwift */; };
		A378B03E2BE8E006004FED57 /* FirebaseAuth in Frameworks */ = {isa = PBXBuildFile; productRef = A378B03D2BE8E006004FED57 /* FirebaseAuth */; };
		A378B0402BE8E006004FED57 /* FirebaseDatabase in Frameworks */ = {isa = PBXBuildFile; productRef = A378B03F2BE8E006004FED57 /* FirebaseDatabase */; };
		A378B0422BE8E006004FED57 /* FirebaseDatabaseSwift in Frameworks */ = {isa = PBXBuildFile; productRef = A378B0412BE8E006004FED57 /* FirebaseDatabaseSwift */; };
		A378B0442BE8E006004FED57 /* FirebaseFirestore in Frameworks */ = {isa = PBXBuildFile; productRef = A378B0432BE8E006004FED57 /* FirebaseFirestore */; };
		A378B0462BE8E006004FED57 /* FirebaseFirestoreCombine-Community in Frameworks */ = {isa = PBXBuildFile; productRef = A378B0452BE8E006004FED57 /* FirebaseFirestoreCombine-Community */; };
		A378B0482BE8E006004FED57 /* FirebaseFirestoreSwift in Frameworks */ = {isa = PBXBuildFile; productRef = A378B0472BE8E006004FED57 /* FirebaseFirestoreSwift */; };
		A378B04A2BE8E006004FED57 /* FirebaseStorage in Frameworks */ = {isa = PBXBuildFile; productRef = A378B0492BE8E006004FED57 /* FirebaseStorage */; };
		A378B04C2BE8E006004FED57 /* FirebaseStorageCombine-Community in Frameworks */ = {isa = PBXBuildFile; productRef = A378B04B2BE8E006004FED57 /* FirebaseStorageCombine-Community */; };
		A378B04E2BE8F473004FED57 /* AuthenticationManager.swift in Sources */ = {isa = PBXBuildFile; fileRef = A378B04D2BE8F473004FED57 /* AuthenticationManager.swift */; };
		A378B0502BE9FD24004FED57 /* ExpensesView.swift in Sources */ = {isa = PBXBuildFile; fileRef = A378B04F2BE9FD24004FED57 /* ExpensesView.swift */; };
/* End PBXBuildFile section */

/* Begin PBXContainerItemProxy section */
		A3259BBA2BE4DC670076A5B8 /* PBXContainerItemProxy */ = {
			isa = PBXContainerItemProxy;
			containerPortal = A3259BA12BE4DC650076A5B8 /* Project object */;
			proxyType = 1;
			remoteGlobalIDString = A3259BA82BE4DC650076A5B8;
			remoteInfo = "EasySpare(ExpensesApp)";
		};
		A3259BC42BE4DC670076A5B8 /* PBXContainerItemProxy */ = {
			isa = PBXContainerItemProxy;
			containerPortal = A3259BA12BE4DC650076A5B8 /* Project object */;
			proxyType = 1;
			remoteGlobalIDString = A3259BA82BE4DC650076A5B8;
			remoteInfo = "EasySpare(ExpensesApp)";
		};
/* End PBXContainerItemProxy section */

/* Begin PBXFileReference section */
		A3259BA92BE4DC650076A5B8 /* EasySpare(ExpensesApp).app */ = {isa = PBXFileReference; explicitFileType = wrapper.application; includeInIndex = 0; path = "EasySpare(ExpensesApp).app"; sourceTree = BUILT_PRODUCTS_DIR; };
		A3259BAC2BE4DC650076A5B8 /* EasySpare_ExpensesApp_App.swift */ = {isa = PBXFileReference; lastKnownFileType = sourcecode.swift; path = EasySpare_ExpensesApp_App.swift; sourceTree = "<group>"; };
		A3259BAE2BE4DC650076A5B8 /* ContentView.swift */ = {isa = PBXFileReference; lastKnownFileType = sourcecode.swift; path = ContentView.swift; sourceTree = "<group>"; };
		A3259BB02BE4DC670076A5B8 /* Assets.xcassets */ = {isa = PBXFileReference; lastKnownFileType = folder.assetcatalog; path = Assets.xcassets; sourceTree = "<group>"; };
		A3259BB32BE4DC670076A5B8 /* Preview Assets.xcassets */ = {isa = PBXFileReference; lastKnownFileType = folder.assetcatalog; path = "Preview Assets.xcassets"; sourceTree = "<group>"; };
		A3259BB92BE4DC670076A5B8 /* EasySpare(ExpensesApp)Tests.xctest */ = {isa = PBXFileReference; explicitFileType = wrapper.cfbundle; includeInIndex = 0; path = "EasySpare(ExpensesApp)Tests.xctest"; sourceTree = BUILT_PRODUCTS_DIR; };
		A3259BBD2BE4DC670076A5B8 /* EasySpare_ExpensesApp_Tests.swift */ = {isa = PBXFileReference; lastKnownFileType = sourcecode.swift; path = EasySpare_ExpensesApp_Tests.swift; sourceTree = "<group>"; };
		A3259BC32BE4DC670076A5B8 /* EasySpare(ExpensesApp)UITests.xctest */ = {isa = PBXFileReference; explicitFileType = wrapper.cfbundle; includeInIndex = 0; path = "EasySpare(ExpensesApp)UITests.xctest"; sourceTree = BUILT_PRODUCTS_DIR; };
		A3259BC72BE4DC670076A5B8 /* EasySpare_ExpensesApp_UITests.swift */ = {isa = PBXFileReference; lastKnownFileType = sourcecode.swift; path = EasySpare_ExpensesApp_UITests.swift; sourceTree = "<group>"; };
		A3259BC92BE4DC670076A5B8 /* EasySpare_ExpensesApp_UITestsLaunchTests.swift */ = {isa = PBXFileReference; lastKnownFileType = sourcecode.swift; path = EasySpare_ExpensesApp_UITestsLaunchTests.swift; sourceTree = "<group>"; };
		A378B01E2BE4DE2C004FED57 /* WelcomeView.swift */ = {isa = PBXFileReference; lastKnownFileType = sourcecode.swift; path = WelcomeView.swift; sourceTree = "<group>"; };
		A378B0202BE4DE38004FED57 /* AuthenticationView.swift */ = {isa = PBXFileReference; lastKnownFileType = sourcecode.swift; path = AuthenticationView.swift; sourceTree = "<group>"; };
		A378B0222BE4DE46004FED57 /* CustomButton.swift */ = {isa = PBXFileReference; lastKnownFileType = sourcecode.swift; path = CustomButton.swift; sourceTree = "<group>"; };
		A378B0272BE4E69C004FED57 /* CountryPicker.swift */ = {isa = PBXFileReference; lastKnownFileType = sourcecode.swift; path = CountryPicker.swift; sourceTree = "<group>"; };
		A378B0292BE50AC0004FED57 /* LoginView.swift */ = {isa = PBXFileReference; lastKnownFileType = sourcecode.swift; path = LoginView.swift; sourceTree = "<group>"; };
		A378B02C2BE54967004FED57 /* SignInViewModel.swift */ = {isa = PBXFileReference; lastKnownFileType = sourcecode.swift; path = SignInViewModel.swift; sourceTree = "<group>"; };
		A378B02E2BE54B0B004FED57 /* TextFieldLine.swift */ = {isa = PBXFileReference; lastKnownFileType = sourcecode.swift; path = TextFieldLine.swift; sourceTree = "<group>"; };
		A378B0322BE7D142004FED57 /* SignUpView.swift */ = {isa = PBXFileReference; lastKnownFileType = sourcecode.swift; path = SignUpView.swift; sourceTree = "<group>"; };
		A378B0342BE8D705004FED57 /* ProfileView.swift */ = {isa = PBXFileReference; lastKnownFileType = sourcecode.swift; name = ProfileView.swift; path = "EasySpare(ExpensesApp)/Views/Unauthenticated/ProfileView.swift"; sourceTree = SOURCE_ROOT; };
		A378B0362BE8DEB7004FED57 /* GoogleService-Info.plist */ = {isa = PBXFileReference; fileEncoding = 4; lastKnownFileType = text.plist.xml; path = "GoogleService-Info.plist"; sourceTree = "<group>"; };
		A378B04D2BE8F473004FED57 /* AuthenticationManager.swift */ = {isa = PBXFileReference; lastKnownFileType = sourcecode.swift; path = AuthenticationManager.swift; sourceTree = "<group>"; };
		A378B04F2BE9FD24004FED57 /* ExpensesView.swift */ = {isa = PBXFileReference; lastKnownFileType = sourcecode.swift; name = ExpensesView.swift; path = "EasySpare(ExpensesApp)/Views/ExpensesView.swift"; sourceTree = SOURCE_ROOT; };
/* End PBXFileReference section */

/* Begin PBXFrameworksBuildPhase section */
		A3259BA62BE4DC650076A5B8 /* Frameworks */ = {
			isa = PBXFrameworksBuildPhase;
			buildActionMask = 2147483647;
			files = (
				A378B04C2BE8E006004FED57 /* FirebaseStorageCombine-Community in Frameworks */,
				A378B0422BE8E006004FED57 /* FirebaseDatabaseSwift in Frameworks */,
				A378B0462BE8E006004FED57 /* FirebaseFirestoreCombine-Community in Frameworks */,
				A378B0402BE8E006004FED57 /* FirebaseDatabase in Frameworks */,
				A378B04A2BE8E006004FED57 /* FirebaseStorage in Frameworks */,
				A378B03C2BE8E006004FED57 /* FirebaseAnalyticsSwift in Frameworks */,
				A378B03A2BE8E006004FED57 /* FirebaseAnalytics in Frameworks */,
				A378B0262BE4E643004FED57 /* CountryPicker in Frameworks */,
				A378B03E2BE8E006004FED57 /* FirebaseAuth in Frameworks */,
				A378B0442BE8E006004FED57 /* FirebaseFirestore in Frameworks */,
				A378B0482BE8E006004FED57 /* FirebaseFirestoreSwift in Frameworks */,
			);
			runOnlyForDeploymentPostprocessing = 0;
		};
		A3259BB62BE4DC670076A5B8 /* Frameworks */ = {
			isa = PBXFrameworksBuildPhase;
			buildActionMask = 2147483647;
			files = (
			);
			runOnlyForDeploymentPostprocessing = 0;
		};
		A3259BC02BE4DC670076A5B8 /* Frameworks */ = {
			isa = PBXFrameworksBuildPhase;
			buildActionMask = 2147483647;
			files = (
			);
			runOnlyForDeploymentPostprocessing = 0;
		};
/* End PBXFrameworksBuildPhase section */

/* Begin PBXGroup section */
		A3259BA02BE4DC650076A5B8 = {
			isa = PBXGroup;
			children = (
				A3259BAB2BE4DC650076A5B8 /* EasySpare(ExpensesApp) */,
				A3259BBC2BE4DC670076A5B8 /* EasySpare(ExpensesApp)Tests */,
				A3259BC62BE4DC670076A5B8 /* EasySpare(ExpensesApp)UITests */,
				A3259BAA2BE4DC650076A5B8 /* Products */,
			);
			sourceTree = "<group>";
		};
		A3259BAA2BE4DC650076A5B8 /* Products */ = {
			isa = PBXGroup;
			children = (
				A3259BA92BE4DC650076A5B8 /* EasySpare(ExpensesApp).app */,
				A3259BB92BE4DC670076A5B8 /* EasySpare(ExpensesApp)Tests.xctest */,
				A3259BC32BE4DC670076A5B8 /* EasySpare(ExpensesApp)UITests.xctest */,
			);
			name = Products;
			sourceTree = "<group>";
		};
		A3259BAB2BE4DC650076A5B8 /* EasySpare(ExpensesApp) */ = {
			isa = PBXGroup;
			children = (
				A378B02B2BE54953004FED57 /* ViewModel */,
				A378B01B2BE4DE05004FED57 /* Components */,
				A378B01A2BE4DDF9004FED57 /* Views */,
				A3259BAC2BE4DC650076A5B8 /* EasySpare_ExpensesApp_App.swift */,
				A378B0362BE8DEB7004FED57 /* GoogleService-Info.plist */,
				A3259BAE2BE4DC650076A5B8 /* ContentView.swift */,
				A3259BB02BE4DC670076A5B8 /* Assets.xcassets */,
				A3259BB22BE4DC670076A5B8 /* Preview Content */,
			);
			path = "EasySpare(ExpensesApp)";
			sourceTree = "<group>";
		};
		A3259BB22BE4DC670076A5B8 /* Preview Content */ = {
			isa = PBXGroup;
			children = (
				A3259BB32BE4DC670076A5B8 /* Preview Assets.xcassets */,
			);
			path = "Preview Content";
			sourceTree = "<group>";
		};
		A3259BBC2BE4DC670076A5B8 /* EasySpare(ExpensesApp)Tests */ = {
			isa = PBXGroup;
			children = (
				A3259BBD2BE4DC670076A5B8 /* EasySpare_ExpensesApp_Tests.swift */,
			);
			path = "EasySpare(ExpensesApp)Tests";
			sourceTree = "<group>";
		};
		A3259BC62BE4DC670076A5B8 /* EasySpare(ExpensesApp)UITests */ = {
			isa = PBXGroup;
			children = (
				A3259BC72BE4DC670076A5B8 /* EasySpare_ExpensesApp_UITests.swift */,
				A3259BC92BE4DC670076A5B8 /* EasySpare_ExpensesApp_UITestsLaunchTests.swift */,
			);
			path = "EasySpare(ExpensesApp)UITests";
			sourceTree = "<group>";
		};
		A378B01A2BE4DDF9004FED57 /* Views */ = {
			isa = PBXGroup;
			children = (
				A378B01D2BE4DE1B004FED57 /* Authenticated */,
				A378B01C2BE4DE0D004FED57 /* Unauthenticated */,
				A378B04D2BE8F473004FED57 /* AuthenticationManager.swift */,
			);
			path = Views;
			sourceTree = "<group>";
		};
		A378B01B2BE4DE05004FED57 /* Components */ = {
			isa = PBXGroup;
			children = (
				A378B0222BE4DE46004FED57 /* CustomButton.swift */,
				A378B0272BE4E69C004FED57 /* CountryPicker.swift */,
				A378B02E2BE54B0B004FED57 /* TextFieldLine.swift */,
			);
			path = Components;
			sourceTree = "<group>";
		};
		A378B01C2BE4DE0D004FED57 /* Unauthenticated */ = {
			isa = PBXGroup;
			children = (
				A378B01E2BE4DE2C004FED57 /* WelcomeView.swift */,
				A378B0202BE4DE38004FED57 /* AuthenticationView.swift */,
				A378B0292BE50AC0004FED57 /* LoginView.swift */,
				A378B0322BE7D142004FED57 /* SignUpView.swift */,
			);
			path = Unauthenticated;
			sourceTree = "<group>";
		};
		A378B01D2BE4DE1B004FED57 /* Authenticated */ = {
			isa = PBXGroup;
			children = (
				A378B0342BE8D705004FED57 /* ProfileView.swift */,
				A378B04F2BE9FD24004FED57 /* ExpensesView.swift */,
			);
			path = Authenticated;
			sourceTree = "<group>";
		};
		A378B02B2BE54953004FED57 /* ViewModel */ = {
			isa = PBXGroup;
			children = (
				A378B02C2BE54967004FED57 /* SignInViewModel.swift */,
			);
			path = ViewModel;
			sourceTree = "<group>";
		};
/* End PBXGroup section */

/* Begin PBXNativeTarget section */
		A3259BA82BE4DC650076A5B8 /* EasySpare(ExpensesApp) */ = {
			isa = PBXNativeTarget;
			buildConfigurationList = A3259BCD2BE4DC670076A5B8 /* Build configuration list for PBXNativeTarget "EasySpare(ExpensesApp)" */;
			buildPhases = (
				A3259BA52BE4DC650076A5B8 /* Sources */,
				A3259BA62BE4DC650076A5B8 /* Frameworks */,
				A3259BA72BE4DC650076A5B8 /* Resources */,
			);
			buildRules = (
			);
			dependencies = (
			);
			name = "EasySpare(ExpensesApp)";
			packageProductDependencies = (
				A378B0252BE4E643004FED57 /* CountryPicker */,
				A378B0392BE8E006004FED57 /* FirebaseAnalytics */,
				A378B03B2BE8E006004FED57 /* FirebaseAnalyticsSwift */,
				A378B03D2BE8E006004FED57 /* FirebaseAuth */,
				A378B03F2BE8E006004FED57 /* FirebaseDatabase */,
				A378B0412BE8E006004FED57 /* FirebaseDatabaseSwift */,
				A378B0432BE8E006004FED57 /* FirebaseFirestore */,
				A378B0452BE8E006004FED57 /* FirebaseFirestoreCombine-Community */,
				A378B0472BE8E006004FED57 /* FirebaseFirestoreSwift */,
				A378B0492BE8E006004FED57 /* FirebaseStorage */,
				A378B04B2BE8E006004FED57 /* FirebaseStorageCombine-Community */,
			);
			productName = "EasySpare(ExpensesApp)";
			productReference = A3259BA92BE4DC650076A5B8 /* EasySpare(ExpensesApp).app */;
			productType = "com.apple.product-type.application";
		};
		A3259BB82BE4DC670076A5B8 /* EasySpare(ExpensesApp)Tests */ = {
			isa = PBXNativeTarget;
			buildConfigurationList = A3259BD02BE4DC670076A5B8 /* Build configuration list for PBXNativeTarget "EasySpare(ExpensesApp)Tests" */;
			buildPhases = (
				A3259BB52BE4DC670076A5B8 /* Sources */,
				A3259BB62BE4DC670076A5B8 /* Frameworks */,
				A3259BB72BE4DC670076A5B8 /* Resources */,
			);
			buildRules = (
			);
			dependencies = (
				A3259BBB2BE4DC670076A5B8 /* PBXTargetDependency */,
			);
			name = "EasySpare(ExpensesApp)Tests";
			productName = "EasySpare(ExpensesApp)Tests";
			productReference = A3259BB92BE4DC670076A5B8 /* EasySpare(ExpensesApp)Tests.xctest */;
			productType = "com.apple.product-type.bundle.unit-test";
		};
		A3259BC22BE4DC670076A5B8 /* EasySpare(ExpensesApp)UITests */ = {
			isa = PBXNativeTarget;
			buildConfigurationList = A3259BD32BE4DC670076A5B8 /* Build configuration list for PBXNativeTarget "EasySpare(ExpensesApp)UITests" */;
			buildPhases = (
				A3259BBF2BE4DC670076A5B8 /* Sources */,
				A3259BC02BE4DC670076A5B8 /* Frameworks */,
				A3259BC12BE4DC670076A5B8 /* Resources */,
			);
			buildRules = (
			);
			dependencies = (
				A3259BC52BE4DC670076A5B8 /* PBXTargetDependency */,
			);
			name = "EasySpare(ExpensesApp)UITests";
			productName = "EasySpare(ExpensesApp)UITests";
			productReference = A3259BC32BE4DC670076A5B8 /* EasySpare(ExpensesApp)UITests.xctest */;
			productType = "com.apple.product-type.bundle.ui-testing";
		};
/* End PBXNativeTarget section */

/* Begin PBXProject section */
		A3259BA12BE4DC650076A5B8 /* Project object */ = {
			isa = PBXProject;
			attributes = {
				BuildIndependentTargetsInParallel = 1;
				LastSwiftUpdateCheck = 1500;
				LastUpgradeCheck = 1500;
				TargetAttributes = {
					A3259BA82BE4DC650076A5B8 = {
						CreatedOnToolsVersion = 15.0;
					};
					A3259BB82BE4DC670076A5B8 = {
						CreatedOnToolsVersion = 15.0;
						TestTargetID = A3259BA82BE4DC650076A5B8;
					};
					A3259BC22BE4DC670076A5B8 = {
						CreatedOnToolsVersion = 15.0;
						TestTargetID = A3259BA82BE4DC650076A5B8;
					};
				};
			};
			buildConfigurationList = A3259BA42BE4DC650076A5B8 /* Build configuration list for PBXProject "EasySpare(ExpensesApp)" */;
			compatibilityVersion = "Xcode 14.0";
			developmentRegion = en;
			hasScannedForEncodings = 0;
			knownRegions = (
				en,
				Base,
			);
			mainGroup = A3259BA02BE4DC650076A5B8;
			packageReferences = (
				A378B0242BE4E643004FED57 /* XCRemoteSwiftPackageReference "CountryPicker" */,
				A378B0382BE8E006004FED57 /* XCRemoteSwiftPackageReference "firebase-ios-sdk" */,
			);
			productRefGroup = A3259BAA2BE4DC650076A5B8 /* Products */;
			projectDirPath = "";
			projectRoot = "";
			targets = (
				A3259BA82BE4DC650076A5B8 /* EasySpare(ExpensesApp) */,
				A3259BB82BE4DC670076A5B8 /* EasySpare(ExpensesApp)Tests */,
				A3259BC22BE4DC670076A5B8 /* EasySpare(ExpensesApp)UITests */,
			);
		};
/* End PBXProject section */

/* Begin PBXResourcesBuildPhase section */
		A3259BA72BE4DC650076A5B8 /* Resources */ = {
			isa = PBXResourcesBuildPhase;
			buildActionMask = 2147483647;
			files = (
				A3259BB42BE4DC670076A5B8 /* Preview Assets.xcassets in Resources */,
				A3259BB12BE4DC670076A5B8 /* Assets.xcassets in Resources */,
				A378B0372BE8DEB7004FED57 /* GoogleService-Info.plist in Resources */,
			);
			runOnlyForDeploymentPostprocessing = 0;
		};
		A3259BB72BE4DC670076A5B8 /* Resources */ = {
			isa = PBXResourcesBuildPhase;
			buildActionMask = 2147483647;
			files = (
			);
			runOnlyForDeploymentPostprocessing = 0;
		};
		A3259BC12BE4DC670076A5B8 /* Resources */ = {
			isa = PBXResourcesBuildPhase;
			buildActionMask = 2147483647;
			files = (
			);
			runOnlyForDeploymentPostprocessing = 0;
		};
/* End PBXResourcesBuildPhase section */

/* Begin PBXSourcesBuildPhase section */
		A3259BA52BE4DC650076A5B8 /* Sources */ = {
			isa = PBXSourcesBuildPhase;
			buildActionMask = 2147483647;
			files = (
				A3259BAF2BE4DC650076A5B8 /* ContentView.swift in Sources */,
				A378B02A2BE50AC0004FED57 /* LoginView.swift in Sources */,
				A378B01F2BE4DE2C004FED57 /* WelcomeView.swift in Sources */,
				A378B0212BE4DE38004FED57 /* AuthenticationView.swift in Sources */,
				A3259BAD2BE4DC650076A5B8 /* EasySpare_ExpensesApp_App.swift in Sources */,
				A378B02F2BE54B0B004FED57 /* TextFieldLine.swift in Sources */,
				A378B0332BE7D142004FED57 /* SignUpView.swift in Sources */,
				A378B0282BE4E69C004FED57 /* CountryPicker.swift in Sources */,
				A378B0232BE4DE46004FED57 /* CustomButton.swift in Sources */,
				A378B04E2BE8F473004FED57 /* AuthenticationManager.swift in Sources */,
				A378B0352BE8D705004FED57 /* ProfileView.swift in Sources */,
				A378B02D2BE54967004FED57 /* SignInViewModel.swift in Sources */,
				A378B0502BE9FD24004FED57 /* ExpensesView.swift in Sources */,
			);
			runOnlyForDeploymentPostprocessing = 0;
		};
		A3259BB52BE4DC670076A5B8 /* Sources */ = {
			isa = PBXSourcesBuildPhase;
			buildActionMask = 2147483647;
			files = (
				A3259BBE2BE4DC670076A5B8 /* EasySpare_ExpensesApp_Tests.swift in Sources */,
			);
			runOnlyForDeploymentPostprocessing = 0;
		};
		A3259BBF2BE4DC670076A5B8 /* Sources */ = {
			isa = PBXSourcesBuildPhase;
			buildActionMask = 2147483647;
			files = (
				A3259BC82BE4DC670076A5B8 /* EasySpare_ExpensesApp_UITests.swift in Sources */,
				A3259BCA2BE4DC670076A5B8 /* EasySpare_ExpensesApp_UITestsLaunchTests.swift in Sources */,
			);
			runOnlyForDeploymentPostprocessing = 0;
		};
/* End PBXSourcesBuildPhase section */

/* Begin PBXTargetDependency section */
		A3259BBB2BE4DC670076A5B8 /* PBXTargetDependency */ = {
			isa = PBXTargetDependency;
			target = A3259BA82BE4DC650076A5B8 /* EasySpare(ExpensesApp) */;
			targetProxy = A3259BBA2BE4DC670076A5B8 /* PBXContainerItemProxy */;
		};
		A3259BC52BE4DC670076A5B8 /* PBXTargetDependency */ = {
			isa = PBXTargetDependency;
			target = A3259BA82BE4DC650076A5B8 /* EasySpare(ExpensesApp) */;
			targetProxy = A3259BC42BE4DC670076A5B8 /* PBXContainerItemProxy */;
		};
/* End PBXTargetDependency section */

/* Begin XCBuildConfiguration section */
		A3259BCB2BE4DC670076A5B8 /* Debug */ = {
			isa = XCBuildConfiguration;
			buildSettings = {
				ALWAYS_SEARCH_USER_PATHS = NO;
				ASSETCATALOG_COMPILER_GENERATE_SWIFT_ASSET_SYMBOL_EXTENSIONS = YES;
				CLANG_ANALYZER_NONNULL = YES;
				CLANG_ANALYZER_NUMBER_OBJECT_CONVERSION = YES_AGGRESSIVE;
				CLANG_CXX_LANGUAGE_STANDARD = "gnu++20";
				CLANG_ENABLE_MODULES = YES;
				CLANG_ENABLE_OBJC_ARC = YES;
				CLANG_ENABLE_OBJC_WEAK = YES;
				CLANG_WARN_BLOCK_CAPTURE_AUTORELEASING = YES;
				CLANG_WARN_BOOL_CONVERSION = YES;
				CLANG_WARN_COMMA = YES;
				CLANG_WARN_CONSTANT_CONVERSION = YES;
				CLANG_WARN_DEPRECATED_OBJC_IMPLEMENTATIONS = YES;
				CLANG_WARN_DIRECT_OBJC_ISA_USAGE = YES_ERROR;
				CLANG_WARN_DOCUMENTATION_COMMENTS = YES;
				CLANG_WARN_EMPTY_BODY = YES;
				CLANG_WARN_ENUM_CONVERSION = YES;
				CLANG_WARN_INFINITE_RECURSION = YES;
				CLANG_WARN_INT_CONVERSION = YES;
				CLANG_WARN_NON_LITERAL_NULL_CONVERSION = YES;
				CLANG_WARN_OBJC_IMPLICIT_RETAIN_SELF = YES;
				CLANG_WARN_OBJC_LITERAL_CONVERSION = YES;
				CLANG_WARN_OBJC_ROOT_CLASS = YES_ERROR;
				CLANG_WARN_QUOTED_INCLUDE_IN_FRAMEWORK_HEADER = YES;
				CLANG_WARN_RANGE_LOOP_ANALYSIS = YES;
				CLANG_WARN_STRICT_PROTOTYPES = YES;
				CLANG_WARN_SUSPICIOUS_MOVE = YES;
				CLANG_WARN_UNGUARDED_AVAILABILITY = YES_AGGRESSIVE;
				CLANG_WARN_UNREACHABLE_CODE = YES;
				CLANG_WARN__DUPLICATE_METHOD_MATCH = YES;
				COPY_PHASE_STRIP = NO;
				DEBUG_INFORMATION_FORMAT = dwarf;
				ENABLE_STRICT_OBJC_MSGSEND = YES;
				ENABLE_TESTABILITY = YES;
				ENABLE_USER_SCRIPT_SANDBOXING = YES;
				GCC_C_LANGUAGE_STANDARD = gnu17;
				GCC_DYNAMIC_NO_PIC = NO;
				GCC_NO_COMMON_BLOCKS = YES;
				GCC_OPTIMIZATION_LEVEL = 0;
				GCC_PREPROCESSOR_DEFINITIONS = (
					"DEBUG=1",
					"$(inherited)",
				);
				GCC_WARN_64_TO_32_BIT_CONVERSION = YES;
				GCC_WARN_ABOUT_RETURN_TYPE = YES_ERROR;
				GCC_WARN_UNDECLARED_SELECTOR = YES;
				GCC_WARN_UNINITIALIZED_AUTOS = YES_AGGRESSIVE;
				GCC_WARN_UNUSED_FUNCTION = YES;
				GCC_WARN_UNUSED_VARIABLE = YES;
				IPHONEOS_DEPLOYMENT_TARGET = 17.0;
				LOCALIZATION_PREFERS_STRING_CATALOGS = YES;
				MTL_ENABLE_DEBUG_INFO = INCLUDE_SOURCE;
				MTL_FAST_MATH = YES;
				ONLY_ACTIVE_ARCH = YES;
				SDKROOT = iphoneos;
				SWIFT_ACTIVE_COMPILATION_CONDITIONS = "DEBUG $(inherited)";
				SWIFT_OPTIMIZATION_LEVEL = "-Onone";
			};
			name = Debug;
		};
		A3259BCC2BE4DC670076A5B8 /* Release */ = {
			isa = XCBuildConfiguration;
			buildSettings = {
				ALWAYS_SEARCH_USER_PATHS = NO;
				ASSETCATALOG_COMPILER_GENERATE_SWIFT_ASSET_SYMBOL_EXTENSIONS = YES;
				CLANG_ANALYZER_NONNULL = YES;
				CLANG_ANALYZER_NUMBER_OBJECT_CONVERSION = YES_AGGRESSIVE;
				CLANG_CXX_LANGUAGE_STANDARD = "gnu++20";
				CLANG_ENABLE_MODULES = YES;
				CLANG_ENABLE_OBJC_ARC = YES;
				CLANG_ENABLE_OBJC_WEAK = YES;
				CLANG_WARN_BLOCK_CAPTURE_AUTORELEASING = YES;
				CLANG_WARN_BOOL_CONVERSION = YES;
				CLANG_WARN_COMMA = YES;
				CLANG_WARN_CONSTANT_CONVERSION = YES;
				CLANG_WARN_DEPRECATED_OBJC_IMPLEMENTATIONS = YES;
				CLANG_WARN_DIRECT_OBJC_ISA_USAGE = YES_ERROR;
				CLANG_WARN_DOCUMENTATION_COMMENTS = YES;
				CLANG_WARN_EMPTY_BODY = YES;
				CLANG_WARN_ENUM_CONVERSION = YES;
				CLANG_WARN_INFINITE_RECURSION = YES;
				CLANG_WARN_INT_CONVERSION = YES;
				CLANG_WARN_NON_LITERAL_NULL_CONVERSION = YES;
				CLANG_WARN_OBJC_IMPLICIT_RETAIN_SELF = YES;
				CLANG_WARN_OBJC_LITERAL_CONVERSION = YES;
				CLANG_WARN_OBJC_ROOT_CLASS = YES_ERROR;
				CLANG_WARN_QUOTED_INCLUDE_IN_FRAMEWORK_HEADER = YES;
				CLANG_WARN_RANGE_LOOP_ANALYSIS = YES;
				CLANG_WARN_STRICT_PROTOTYPES = YES;
				CLANG_WARN_SUSPICIOUS_MOVE = YES;
				CLANG_WARN_UNGUARDED_AVAILABILITY = YES_AGGRESSIVE;
				CLANG_WARN_UNREACHABLE_CODE = YES;
				CLANG_WARN__DUPLICATE_METHOD_MATCH = YES;
				COPY_PHASE_STRIP = NO;
				DEBUG_INFORMATION_FORMAT = "dwarf-with-dsym";
				ENABLE_NS_ASSERTIONS = NO;
				ENABLE_STRICT_OBJC_MSGSEND = YES;
				ENABLE_USER_SCRIPT_SANDBOXING = YES;
				GCC_C_LANGUAGE_STANDARD = gnu17;
				GCC_NO_COMMON_BLOCKS = YES;
				GCC_WARN_64_TO_32_BIT_CONVERSION = YES;
				GCC_WARN_ABOUT_RETURN_TYPE = YES_ERROR;
				GCC_WARN_UNDECLARED_SELECTOR = YES;
				GCC_WARN_UNINITIALIZED_AUTOS = YES_AGGRESSIVE;
				GCC_WARN_UNUSED_FUNCTION = YES;
				GCC_WARN_UNUSED_VARIABLE = YES;
				IPHONEOS_DEPLOYMENT_TARGET = 17.0;
				LOCALIZATION_PREFERS_STRING_CATALOGS = YES;
				MTL_ENABLE_DEBUG_INFO = NO;
				MTL_FAST_MATH = YES;
				SDKROOT = iphoneos;
				SWIFT_COMPILATION_MODE = wholemodule;
				VALIDATE_PRODUCT = YES;
			};
			name = Release;
		};
		A3259BCE2BE4DC670076A5B8 /* Debug */ = {
			isa = XCBuildConfiguration;
			buildSettings = {
				ASSETCATALOG_COMPILER_APPICON_NAME = AppIcon;
				ASSETCATALOG_COMPILER_GLOBAL_ACCENT_COLOR_NAME = AccentColor;
				CODE_SIGN_STYLE = Automatic;
				CURRENT_PROJECT_VERSION = 1;
				DEVELOPMENT_ASSET_PATHS = "\"EasySpare(ExpensesApp)/Preview Content\"";
				DEVELOPMENT_TEAM = RYM5KD2PV8;
				ENABLE_PREVIEWS = YES;
				GENERATE_INFOPLIST_FILE = YES;
				INFOPLIST_KEY_UIApplicationSceneManifest_Generation = YES;
				INFOPLIST_KEY_UIApplicationSupportsIndirectInputEvents = YES;
				INFOPLIST_KEY_UILaunchScreen_Generation = YES;
				INFOPLIST_KEY_UIStatusBarHidden = YES;
				INFOPLIST_KEY_UISupportedInterfaceOrientations = UIInterfaceOrientationPortrait;
				INFOPLIST_KEY_UISupportedInterfaceOrientations_iPad = "UIInterfaceOrientationLandscapeLeft UIInterfaceOrientationLandscapeRight UIInterfaceOrientationPortrait UIInterfaceOrientationPortraitUpsideDown";
				LD_RUNPATH_SEARCH_PATHS = (
					"$(inherited)",
					"@executable_path/Frameworks",
				);
				MARKETING_VERSION = 1.0;
				PRODUCT_BUNDLE_IDENTIFIER = "-.EasySpare-ExpensesApp-";
				PRODUCT_NAME = "$(TARGET_NAME)";
				SUPPORTED_PLATFORMS = "iphoneos iphonesimulator";
				SUPPORTS_MACCATALYST = NO;
				SUPPORTS_MAC_DESIGNED_FOR_IPHONE_IPAD = NO;
				SWIFT_EMIT_LOC_STRINGS = YES;
				SWIFT_VERSION = 5.0;
				TARGETED_DEVICE_FAMILY = 1;
			};
			name = Debug;
		};
		A3259BCF2BE4DC670076A5B8 /* Release */ = {
			isa = XCBuildConfiguration;
			buildSettings = {
				ASSETCATALOG_COMPILER_APPICON_NAME = AppIcon;
				ASSETCATALOG_COMPILER_GLOBAL_ACCENT_COLOR_NAME = AccentColor;
				CODE_SIGN_STYLE = Automatic;
				CURRENT_PROJECT_VERSION = 1;
				DEVELOPMENT_ASSET_PATHS = "\"EasySpare(ExpensesApp)/Preview Content\"";
				DEVELOPMENT_TEAM = RYM5KD2PV8;
				ENABLE_PREVIEWS = YES;
				GENERATE_INFOPLIST_FILE = YES;
				INFOPLIST_KEY_UIApplicationSceneManifest_Generation = YES;
				INFOPLIST_KEY_UIApplicationSupportsIndirectInputEvents = YES;
				INFOPLIST_KEY_UILaunchScreen_Generation = YES;
				INFOPLIST_KEY_UIStatusBarHidden = YES;
				INFOPLIST_KEY_UISupportedInterfaceOrientations = UIInterfaceOrientationPortrait;
				INFOPLIST_KEY_UISupportedInterfaceOrientations_iPad = "UIInterfaceOrientationLandscapeLeft UIInterfaceOrientationLandscapeRight UIInterfaceOrientationPortrait UIInterfaceOrientationPortraitUpsideDown";
				LD_RUNPATH_SEARCH_PATHS = (
					"$(inherited)",
					"@executable_path/Frameworks",
				);
				MARKETING_VERSION = 1.0;
				PRODUCT_BUNDLE_IDENTIFIER = "-.EasySpare-ExpensesApp-";
				PRODUCT_NAME = "$(TARGET_NAME)";
				SUPPORTED_PLATFORMS = "iphoneos iphonesimulator";
				SUPPORTS_MACCATALYST = NO;
				SUPPORTS_MAC_DESIGNED_FOR_IPHONE_IPAD = NO;
				SWIFT_EMIT_LOC_STRINGS = YES;
				SWIFT_VERSION = 5.0;
				TARGETED_DEVICE_FAMILY = 1;
			};
			name = Release;
		};
		A3259BD12BE4DC670076A5B8 /* Debug */ = {
			isa = XCBuildConfiguration;
			buildSettings = {
				ALWAYS_EMBED_SWIFT_STANDARD_LIBRARIES = YES;
				BUNDLE_LOADER = "$(TEST_HOST)";
				CODE_SIGN_STYLE = Automatic;
				CURRENT_PROJECT_VERSION = 1;
				DEVELOPMENT_TEAM = RYM5KD2PV8;
				GENERATE_INFOPLIST_FILE = YES;
				IPHONEOS_DEPLOYMENT_TARGET = 17.0;
				MARKETING_VERSION = 1.0;
				PRODUCT_BUNDLE_IDENTIFIER = "-.EasySpare-ExpensesApp-Tests";
				PRODUCT_NAME = "$(TARGET_NAME)";
				SWIFT_EMIT_LOC_STRINGS = NO;
				SWIFT_VERSION = 5.0;
				TARGETED_DEVICE_FAMILY = "1,2";
				TEST_HOST = "$(BUILT_PRODUCTS_DIR)/EasySpare(ExpensesApp).app/$(BUNDLE_EXECUTABLE_FOLDER_PATH)/EasySpare(ExpensesApp)";
			};
			name = Debug;
		};
		A3259BD22BE4DC670076A5B8 /* Release */ = {
			isa = XCBuildConfiguration;
			buildSettings = {
				ALWAYS_EMBED_SWIFT_STANDARD_LIBRARIES = YES;
				BUNDLE_LOADER = "$(TEST_HOST)";
				CODE_SIGN_STYLE = Automatic;
				CURRENT_PROJECT_VERSION = 1;
				DEVELOPMENT_TEAM = RYM5KD2PV8;
				GENERATE_INFOPLIST_FILE = YES;
				IPHONEOS_DEPLOYMENT_TARGET = 17.0;
				MARKETING_VERSION = 1.0;
				PRODUCT_BUNDLE_IDENTIFIER = "-.EasySpare-ExpensesApp-Tests";
				PRODUCT_NAME = "$(TARGET_NAME)";
				SWIFT_EMIT_LOC_STRINGS = NO;
				SWIFT_VERSION = 5.0;
				TARGETED_DEVICE_FAMILY = "1,2";
				TEST_HOST = "$(BUILT_PRODUCTS_DIR)/EasySpare(ExpensesApp).app/$(BUNDLE_EXECUTABLE_FOLDER_PATH)/EasySpare(ExpensesApp)";
			};
			name = Release;
		};
		A3259BD42BE4DC670076A5B8 /* Debug */ = {
			isa = XCBuildConfiguration;
			buildSettings = {
				ALWAYS_EMBED_SWIFT_STANDARD_LIBRARIES = YES;
				CODE_SIGN_STYLE = Automatic;
				CURRENT_PROJECT_VERSION = 1;
				DEVELOPMENT_TEAM = RYM5KD2PV8;
				GENERATE_INFOPLIST_FILE = YES;
				MARKETING_VERSION = 1.0;
				PRODUCT_BUNDLE_IDENTIFIER = "-.EasySpare-ExpensesApp-UITests";
				PRODUCT_NAME = "$(TARGET_NAME)";
				SWIFT_EMIT_LOC_STRINGS = NO;
				SWIFT_VERSION = 5.0;
				TARGETED_DEVICE_FAMILY = "1,2";
				TEST_TARGET_NAME = "EasySpare(ExpensesApp)";
			};
			name = Debug;
		};
		A3259BD52BE4DC670076A5B8 /* Release */ = {
			isa = XCBuildConfiguration;
			buildSettings = {
				ALWAYS_EMBED_SWIFT_STANDARD_LIBRARIES = YES;
				CODE_SIGN_STYLE = Automatic;
				CURRENT_PROJECT_VERSION = 1;
				DEVELOPMENT_TEAM = RYM5KD2PV8;
				GENERATE_INFOPLIST_FILE = YES;
				MARKETING_VERSION = 1.0;
				PRODUCT_BUNDLE_IDENTIFIER = "-.EasySpare-ExpensesApp-UITests";
				PRODUCT_NAME = "$(TARGET_NAME)";
				SWIFT_EMIT_LOC_STRINGS = NO;
				SWIFT_VERSION = 5.0;
				TARGETED_DEVICE_FAMILY = "1,2";
				TEST_TARGET_NAME = "EasySpare(ExpensesApp)";
			};
			name = Release;
		};
/* End XCBuildConfiguration section */

/* Begin XCConfigurationList section */
		A3259BA42BE4DC650076A5B8 /* Build configuration list for PBXProject "EasySpare(ExpensesApp)" */ = {
			isa = XCConfigurationList;
			buildConfigurations = (
				A3259BCB2BE4DC670076A5B8 /* Debug */,
				A3259BCC2BE4DC670076A5B8 /* Release */,
			);
			defaultConfigurationIsVisible = 0;
			defaultConfigurationName = Release;
		};
		A3259BCD2BE4DC670076A5B8 /* Build configuration list for PBXNativeTarget "EasySpare(ExpensesApp)" */ = {
			isa = XCConfigurationList;
			buildConfigurations = (
				A3259BCE2BE4DC670076A5B8 /* Debug */,
				A3259BCF2BE4DC670076A5B8 /* Release */,
			);
			defaultConfigurationIsVisible = 0;
			defaultConfigurationName = Release;
		};
		A3259BD02BE4DC670076A5B8 /* Build configuration list for PBXNativeTarget "EasySpare(ExpensesApp)Tests" */ = {
			isa = XCConfigurationList;
			buildConfigurations = (
				A3259BD12BE4DC670076A5B8 /* Debug */,
				A3259BD22BE4DC670076A5B8 /* Release */,
			);
			defaultConfigurationIsVisible = 0;
			defaultConfigurationName = Release;
		};
		A3259BD32BE4DC670076A5B8 /* Build configuration list for PBXNativeTarget "EasySpare(ExpensesApp)UITests" */ = {
			isa = XCConfigurationList;
			buildConfigurations = (
				A3259BD42BE4DC670076A5B8 /* Debug */,
				A3259BD52BE4DC670076A5B8 /* Release */,
			);
			defaultConfigurationIsVisible = 0;
			defaultConfigurationName = Release;
		};
/* End XCConfigurationList section */

/* Begin XCRemoteSwiftPackageReference section */
		A378B0242BE4E643004FED57 /* XCRemoteSwiftPackageReference "CountryPicker" */ = {
			isa = XCRemoteSwiftPackageReference;
			repositoryURL = "https://github.com/mobven/CountryPicker.git";
			requirement = {
				kind = upToNextMajorVersion;
				minimumVersion = 2.0.3;
			};
		};
		A378B0382BE8E006004FED57 /* XCRemoteSwiftPackageReference "firebase-ios-sdk" */ = {
			isa = XCRemoteSwiftPackageReference;
			repositoryURL = "https://github.com/firebase/firebase-ios-sdk";
			requirement = {
				kind = upToNextMajorVersion;
				minimumVersion = 10.25.0;
			};
		};
/* End XCRemoteSwiftPackageReference section */

/* Begin XCSwiftPackageProductDependency section */
		A378B0252BE4E643004FED57 /* CountryPicker */ = {
			isa = XCSwiftPackageProductDependency;
			package = A378B0242BE4E643004FED57 /* XCRemoteSwiftPackageReference "CountryPicker" */;
			productName = CountryPicker;
		};
		A378B0392BE8E006004FED57 /* FirebaseAnalytics */ = {
			isa = XCSwiftPackageProductDependency;
			package = A378B0382BE8E006004FED57 /* XCRemoteSwiftPackageReference "firebase-ios-sdk" */;
			productName = FirebaseAnalytics;
		};
		A378B03B2BE8E006004FED57 /* FirebaseAnalyticsSwift */ = {
			isa = XCSwiftPackageProductDependency;
			package = A378B0382BE8E006004FED57 /* XCRemoteSwiftPackageReference "firebase-ios-sdk" */;
			productName = FirebaseAnalyticsSwift;
		};
		A378B03D2BE8E006004FED57 /* FirebaseAuth */ = {
			isa = XCSwiftPackageProductDependency;
			package = A378B0382BE8E006004FED57 /* XCRemoteSwiftPackageReference "firebase-ios-sdk" */;
			productName = FirebaseAuth;
		};
		A378B03F2BE8E006004FED57 /* FirebaseDatabase */ = {
			isa = XCSwiftPackageProductDependency;
			package = A378B0382BE8E006004FED57 /* XCRemoteSwiftPackageReference "firebase-ios-sdk" */;
			productName = FirebaseDatabase;
		};
		A378B0412BE8E006004FED57 /* FirebaseDatabaseSwift */ = {
			isa = XCSwiftPackageProductDependency;
			package = A378B0382BE8E006004FED57 /* XCRemoteSwiftPackageReference "firebase-ios-sdk" */;
			productName = FirebaseDatabaseSwift;
		};
		A378B0432BE8E006004FED57 /* FirebaseFirestore */ = {
			isa = XCSwiftPackageProductDependency;
			package = A378B0382BE8E006004FED57 /* XCRemoteSwiftPackageReference "firebase-ios-sdk" */;
			productName = FirebaseFirestore;
		};
		A378B0452BE8E006004FED57 /* FirebaseFirestoreCombine-Community */ = {
			isa = XCSwiftPackageProductDependency;
			package = A378B0382BE8E006004FED57 /* XCRemoteSwiftPackageReference "firebase-ios-sdk" */;
			productName = "FirebaseFirestoreCombine-Community";
		};
		A378B0472BE8E006004FED57 /* FirebaseFirestoreSwift */ = {
			isa = XCSwiftPackageProductDependency;
			package = A378B0382BE8E006004FED57 /* XCRemoteSwiftPackageReference "firebase-ios-sdk" */;
			productName = FirebaseFirestoreSwift;
		};
		A378B0492BE8E006004FED57 /* FirebaseStorage */ = {
			isa = XCSwiftPackageProductDependency;
			package = A378B0382BE8E006004FED57 /* XCRemoteSwiftPackageReference "firebase-ios-sdk" */;
			productName = FirebaseStorage;
		};
		A378B04B2BE8E006004FED57 /* FirebaseStorageCombine-Community */ = {
			isa = XCSwiftPackageProductDependency;
			package = A378B0382BE8E006004FED57 /* XCRemoteSwiftPackageReference "firebase-ios-sdk" */;
			productName = "FirebaseStorageCombine-Community";
		};
/* End XCSwiftPackageProductDependency section */
	};
	rootObject = A3259BA12BE4DC650076A5B8 /* Project object */;
}
